
Microsoft Visual Studio Solution File, Format Version 12.00
# Visual Studio Version 17
VisualStudioVersion = 17.7.34018.315
MinimumVisualStudioVersion = 10.0.40219.1
Project("{FAE04EC0-301F-11D3-BF4B-00C04F79EFBC}") = "Phase3PP2", "Phase3PP2\Phase3PP2.csproj", "{AE57392C-0D4C-471B-9255-E86F84CB06CD}"
EndProject
Global
	GlobalSection(SolutionConfigurationPlatforms) = preSolution
		Debug|Any CPU = Debug|Any CPU
		Release|Any CPU = Release|Any CPU
	EndGlobalSection
	GlobalSection(ProjectConfigurationPlatforms) = postSolution
		{AE57392C-0D4C-471B-9255-E86F84CB06CD}.Debug|Any CPU.ActiveCfg = Debug|Any CPU
		{AE57392C-0D4C-471B-9255-E86F84CB06CD}.Debug|Any CPU.Build.0 = Debug|Any CPU
		{AE57392C-0D4C-471B-9255-E86F84CB06CD}.Release|Any CPU.ActiveCfg = Release|Any CPU
		{AE57392C-0D4C-471B-9255-E86F84CB06CD}.Release|Any CPU.Build.0 = Release|Any CPU
	EndGlobalSection
	GlobalSection(SolutionProperties) = preSolution
		HideSolutionNode = FALSE
	EndGlobalSection
	GlobalSection(ExtensibilityGlobals) = postSolution
		SolutionGuid = {9FE18ACA-B7DC-4118-9F47-AF0979F38733}
	EndGlobalSection
EndGlobal
